eliasnaur.com/font v0.0.0-20230308162249-dd43949cb42d h1:ARo7NCVvN2NdhLlJE9xAbKweuI9L6UgfTbYb0YwPacY=
eliasnaur.com/font v0.0.0-20230308162249-dd43949cb42d/go.mod h1:OYVuxibdk9OSLX8vAqydtRPP87PyTFcT9uH3MlEGBQA=
gioui.org v0.10.2 h1:bZU5CORROwc51sNha0zYdE2qWVaDncOp5EjV5nrZQZ8=
gioui.org v0.10.2/go.mod h1:iKILKNq6+LHMWhP/HjGDW/wDidUzRnb7B6c7ZD9y1Mg=
gioui.org/cpu v0.0.0-20210808092351-bfe733dd3334/go.mod h1:A8M0Cn5o+vY5LTMlnRoK3O5kG+rH0kWfJjeKd9QpBmQ=
gioui.org/shader v1.0.9 h1:XxnqIfmClWpN49kizxH2W0JcCFrrEP4q3jZmNYaltbs=
gioui.org/shader v1.0.9/go.mod h1:mWdiME581d/kV7/iEhLmUgUK5iZ09XR5XpduXzbePVM=
github.com/go-text/typesetting v0.3.4 h1:YYurUOtEb9kGSOz4uE3k4OpBGsp1dDL8+fjCeaFamAU=
github.com/go-text/typesetting v0.3.4/go.mod h1:4qZCQphq4KSgGTAeI0uMEkVbROgfah8BuyF5LRYr7XY=
github.com/go-text/typesetting-utils v0.0.0-20260223113751-2d88ac90dae3 h1:drBZzMgdYPbmyXqOto4YhhJGrFIQCX94FpR4MzTCsos=
github.com/go-text/typesetting-utils v0.0.0-20260223113751-2d88ac90dae3/go.mod h1:3/62I4La/HBRX9TcTpBj4eipLiwzf+vhI+7whTc9V7o=
github.com/hajimehoshi/go-mp3 v0.3.4 h1:NUP7pBYH8OguP4diaTZ9wJbUbk3tC0KlfzsEpWmYj68=
github.com/hajimehoshi/go-mp3 v0.3.4/go.mod h1:fRtZraRFcWb0pu7ok0LqyFhCUrPeMsGRSVop0eemFmo=
github.com/hajimehoshi/oto/v2 v2.3.1/go.mod h1:seWLbgHH7AyUMYKfKYT9pg7PhUu9/SisyJvNTT+ASQo=
github.com/sinshu/go-meltysynth v0.0.0-20230205031334-05d311382fc4 h1:VgeknFh4pciKVtwtjn9tZtItvV20x/+10NnUXKfyW6s=
github.com/sinshu/go-meltysynth v0.0.0-20230205031334-05d311382fc4/go.mod h1:Afi/YpLztHvWSbiLFi6RgtxLLwmIiRmd/q7f3Ymed2g=
golang.org/x/exp v0.0.0-20250408133849-7e4ce0ab07d0 h1:R84qjqJb5nVJMxqWYb3np9L5ZsaDtB+a39EqjV0JSUM=
golang.org/x/exp v0.0.0-20250408133849-7e4ce0ab07d0/go.mod h1:S9Xr4PYopiDyqSyp5NjCrhFrqg6A5zA2E/iPHPhqnS8=
golang.org/x/exp/shiny v0.0.0-20250408133849-7e4ce0ab07d0 h1:tMSqXTK+AQdW3LpCbfatHSRPHeW6+2WuxaVQuHftn80=
golang.org/x/exp/shiny v0.0.0-20250408133849-7e4ce0ab07d0/go.mod h1:ygj7T6vSGhhm/9yTpOQQNvuAUFziTH7RUiH74EoE2C8=
golang.org/x/image v0.26.0 h1:4XjIFEZWQmCZi6Wv8BoxsDhRU3RVnLX04dToTDAEPlY=
golang.org/x/image v0.26.0/go.mod h1:lcxbMFAovzpnJxzXS3nyL83K27tmqtKzIJpctK8YO5c=
golang.org/x/net v0.48.0 h1:zyQRTTrjc33Lhh0fBgT/H3oZq9WuvRR5gPC70xpDiQU=
golang.org/x/net v0.48.0/go.mod h1:+ndRgGjkh8FGtu1w1FGbEC31if4VrNVMuKTgcAAnQRY=
golang.org/x/sys v0.0.0-20220712014510-0a85c31ab51e/go.mod h1:oPkhp1MJrh7nUepCBck5+mAzfO9JrbApNNgaTdGDITg=
golang.org/x/sys v0.48.0 h1:bbX/i/6MgT9BVLM9RT1thmxL04yeTAhbEz4SyadbXoo=
golang.org/x/sys v0.48.0/go.mod h1:hNLxWAXmnKAxqDtdwIYC4bM9oQPEecfsnNMuSxOs3og=
golang.org/x/text v0.32.0 h1:ZD01bjUt1FQ9WJ0ClOL5vxgxOI/sVCNgX1YtKwcY0mU=
golang.org/x/text v0.32.0/go.mod h1:o/rUWzghvpD5TXrTIBuJU77MTaN0ljMWE47kxGJQ7jY=
